// !$*UTF8*$!
{
	archiveVersion = 1;
	classes = {
	};
	objectVersion = 52;
	objects = {

/* Begin PBXBuildFile section */
		D290F65D248147A8007ECE7C /* LICENSE in Resources */ = {isa = PBXBuildFile; fileRef = D290F65C248147A8007ECE7C /* LICENSE */; };
		D290F65F24814900007ECE7C /* README.md in Resources */ = {isa = PBXBuildFile; fileRef = D290F65E24814900007ECE7C /* README.md */; };
		D290F66124814BC2007ECE7C /* lab-test.jpg in Resources */ = {isa = PBXBuildFile; fileRef = D290F66024814BC2007ECE7C /* lab-test.jpg */; };
		D2B66A67248009690006755A /* Config.swift in Sources */ = {isa = PBXBuildFile; fileRef = D2B66A66248009690006755A /* Config.swift */; };
		D2FD69AE247D445500BA7EA1 /* AppDelegate.swift in Sources */ = {isa = PBXBuildFile; fileRef = D2FD69AD247D445500BA7EA1 /* AppDelegate.swift */; };
		D2FD69B0247D445500BA7EA1 /* SceneDelegate.swift in Sources */ = {isa = PBXBuildFile; fileRef = D2FD69AF247D445500BA7EA1 /* SceneDelegate.swift */; };
		D2FD69B2247D445500BA7EA1 /* ReceiverViewController.swift in Sources */ = {isa = PBXBuildFile; fileRef = D2FD69B1247D445500BA7EA1 /* ReceiverViewController.swift */; };
		D2FD69B5247D445500BA7EA1 /* Main.storyboard in Resources */ = {isa = PBXBuildFile; fileRef = D2FD69B3247D445500BA7EA1 /* Main.storyboard */; };
		D2FD69B7247D445700BA7EA1 /* Assets.xcassets in Resources */ = {isa = PBXBuildFile; fileRef = D2FD69B6247D445700BA7EA1 /* Assets.xcassets */; };
		D2FD69BA247D445700BA7EA1 /* LaunchScreen.storyboard in Resources */ = {isa = PBXBuildFile; fileRef = D2FD69B8247D445700BA7EA1 /* LaunchScreen.storyboard */; };
		D2FD69C3247D450E00BA7EA1 /* ExposureManager.swift in Sources */ = {isa = PBXBuildFile; fileRef = D2FD69C2247D450E00BA7EA1 /* ExposureManager.swift */; };
		D2FD69C5247D454A00BA7EA1 /* ExposureKeyData.pb.swift in Sources */ = {isa = PBXBuildFile; fileRef = D2FD69C4247D454A00BA7EA1 /* ExposureKeyData.pb.swift */; };
		D2FD69C8247D45A100BA7EA1 /* SwiftProtobuf in Frameworks */ = {isa = PBXBuildFile; productRef = D2FD69C7247D45A100BA7EA1 /* SwiftProtobuf */; };
		D2FD69CA247D45A100BA7EA1 /* SwiftProtobufPluginLibrary in Frameworks */ = {isa = PBXBuildFile; productRef = D2FD69C9247D45A100BA7EA1 /* SwiftProtobufPluginLibrary */; };
		D2FD69CD247D461C00BA7EA1 /* Server.swift in Sources */ = {isa = PBXBuildFile; fileRef = D2FD69CC247D461C00BA7EA1 /* Server.swift */; };
		D2FD69CF247D46E800BA7EA1 /* LocalStore.swift in Sources */ = {isa = PBXBuildFile; fileRef = D2FD69CE247D46E800BA7EA1 /* LocalStore.swift */; };
		D2FD69D1247D4ADF00BA7EA1 /* ScannerViewController.swift in Sources */ = {isa = PBXBuildFile; fileRef = D2FD69D0247D4ADF00BA7EA1 /* ScannerViewController.swift */; };
		D2FD69D4247D860800BA7EA1 /* SenderViewController.swift in Sources */ = {isa = PBXBuildFile; fileRef = D2FD69D3247D860800BA7EA1 /* SenderViewController.swift */; };
		F44A210E258CDAD10056E9E6 /* TestResultExporter.swift in Sources */ = {isa = PBXBuildFile; fileRef = F44A210D258CDAD10056E9E6 /* TestResultExporter.swift */; };
		F44A2124258CDB620056E9E6 /* TestResultExporterTests.swift in Sources */ = {isa = PBXBuildFile; fileRef = F44A2123258CDB620056E9E6 /* TestResultExporterTests.swift */; };
		F47980962565B84600185C37 /* ExportTestResult.swift in Sources */ = {isa = PBXBuildFile; fileRef = F47980952565B84600185C37 /* ExportTestResult.swift */; };
		F4FF4B4D256BEF6800E69EA9 /* ScanTestResult.swift in Sources */ = {isa = PBXBuildFile; fileRef = F4FF4B4C256BEF6800E69EA9 /* ScanTestResult.swift */; };
		F4FF4B50256BEF7800E69EA9 /* CodableExposureWindow.swift in Sources */ = {isa = PBXBuildFile; fileRef = F4FF4B4F256BEF7800E69EA9 /* CodableExposureWindow.swift */; };
/* End PBXBuildFile section */

/* Begin PBXContainerItemProxy section */
		F44A2119258CDB410056E9E6 /* PBXContainerItemProxy */ = {
			isa = PBXContainerItemProxy;
			containerPortal = D2FD69A2247D445500BA7EA1 /* Project object */;
			proxyType = 1;
			remoteGlobalIDString = D2FD69A9247D445500BA7EA1;
			remoteInfo = "En Validatie";
		};
/* End PBXContainerItemProxy section */

/* Begin PBXFileReference section */
		D290F65C248147A8007ECE7C /* LICENSE */ = {isa = PBXFileReference; lastKnownFileType = folder; path = LICENSE; sourceTree = "<group>"; };
		D290F65E24814900007ECE7C /* README.md */ = {isa = PBXFileReference; fileEncoding = 4; lastKnownFileType = net.daringfireball.markdown; path = README.md; sourceTree = "<group>"; };
		D290F66024814BC2007ECE7C /* lab-test.jpg */ = {isa = PBXFileReference; lastKnownFileType = image.jpeg; path = "lab-test.jpg"; sourceTree = "<group>"; };
		D2B66A66248009690006755A /* Config.swift */ = {isa = PBXFileReference; lastKnownFileType = sourcecode.swift; path = Config.swift; sourceTree = "<group>"; };
		D2FD69AA247D445500BA7EA1 /* EN Validatie.app */ = {isa = PBXFileReference; explicitFileType = wrapper.application; includeInIndex = 0; path = "EN Validatie.app"; sourceTree = BUILT_PRODUCTS_DIR; };
		D2FD69AD247D445500BA7EA1 /* AppDelegate.swift */ = {isa = PBXFileReference; lastKnownFileType = sourcecode.swift; path = AppDelegate.swift; sourceTree = "<group>"; };
		D2FD69AF247D445500BA7EA1 /* SceneDelegate.swift */ = {isa = PBXFileReference; lastKnownFileType = sourcecode.swift; path = SceneDelegate.swift; sourceTree = "<group>"; };
		D2FD69B1247D445500BA7EA1 /* ReceiverViewController.swift */ = {isa = PBXFileReference; lastKnownFileType = sourcecode.swift; path = ReceiverViewController.swift; sourceTree = "<group>"; };
		D2FD69B4247D445500BA7EA1 /* Base */ = {isa = PBXFileReference; lastKnownFileType = file.storyboard; name = Base; path = Base.lproj/Main.storyboard; sourceTree = "<group>"; };
		D2FD69B6247D445700BA7EA1 /* Assets.xcassets */ = {isa = PBXFileReference; lastKnownFileType = folder.assetcatalog; path = Assets.xcassets; sourceTree = "<group>"; };
		D2FD69B9247D445700BA7EA1 /* Base */ = {isa = PBXFileReference; lastKnownFileType = file.storyboard; name = Base; path = Base.lproj/LaunchScreen.storyboard; sourceTree = "<group>"; };
		D2FD69BB247D445700BA7EA1 /* Info.plist */ = {isa = PBXFileReference; lastKnownFileType = text.plist.xml; path = Info.plist; sourceTree = "<group>"; };
		D2FD69C1247D448500BA7EA1 /* En Demo.entitlements */ = {isa = PBXFileReference; lastKnownFileType = text.plist.entitlements; path = "En Demo.entitlements"; sourceTree = "<group>"; };
		D2FD69C2247D450E00BA7EA1 /* ExposureManager.swift */ = {isa = PBXFileReference; fileEncoding = 4; lastKnownFileType = sourcecode.swift; path = ExposureManager.swift; sourceTree = "<group>"; };
		D2FD69C4247D454A00BA7EA1 /* ExposureKeyData.pb.swift */ = {isa = PBXFileReference; fileEncoding = 4; lastKnownFileType = sourcecode.swift; path = ExposureKeyData.pb.swift; sourceTree = "<group>"; };
		D2FD69CC247D461C00BA7EA1 /* Server.swift */ = {isa = PBXFileReference; fileEncoding = 4; lastKnownFileType = sourcecode.swift; path = Server.swift; sourceTree = "<group>"; };
		D2FD69CE247D46E800BA7EA1 /* LocalStore.swift */ = {isa = PBXFileReference; fileEncoding = 4; lastKnownFileType = sourcecode.swift; path = LocalStore.swift; sourceTree = "<group>"; };
		D2FD69D0247D4ADF00BA7EA1 /* ScannerViewController.swift */ = {isa = PBXFileReference; lastKnownFileType = sourcecode.swift; path = ScannerViewController.swift; sourceTree = "<group>"; };
		D2FD69D3247D860800BA7EA1 /* SenderViewController.swift */ = {isa = PBXFileReference; lastKnownFileType = sourcecode.swift; path = SenderViewController.swift; sourceTree = "<group>"; };
		F44A210D258CDAD10056E9E6 /* TestResultExporter.swift */ = {isa = PBXFileReference; lastKnownFileType = sourcecode.swift; path = TestResultExporter.swift; sourceTree = "<group>"; };
		F44A2114258CDB410056E9E6 /* EN ValidatieTests.xctest */ = {isa = PBXFileReference; explicitFileType = wrapper.cfbundle; includeInIndex = 0; path = "EN ValidatieTests.xctest"; sourceTree = BUILT_PRODUCTS_DIR; };
		F44A2118258CDB410056E9E6 /* Info.plist */ = {isa = PBXFileReference; lastKnownFileType = text.plist.xml; path = Info.plist; sourceTree = "<group>"; };
		F44A2122258CDB620056E9E6 /* EN ValidatieTests-Bridging-Header.h */ = {isa = PBXFileReference; lastKnownFileType = sourcecode.c.h; path = "EN ValidatieTests-Bridging-Header.h"; sourceTree = "<group>"; };
		F44A2123258CDB620056E9E6 /* TestResultExporterTests.swift */ = {isa = PBXFileReference; lastKnownFileType = sourcecode.swift; path = TestResultExporterTests.swift; sourceTree = "<group>"; };
		F47980952565B84600185C37 /* ExportTestResult.swift */ = {isa = PBXFileReference; lastKnownFileType = sourcecode.swift; path = ExportTestResult.swift; sourceTree = "<group>"; };
		F4FF4B4C256BEF6800E69EA9 /* ScanTestResult.swift */ = {isa = PBXFileReference; lastKnownFileType = sourcecode.swift; path = ScanTestResult.swift; sourceTree = "<group>"; };
		F4FF4B4F256BEF7800E69EA9 /* CodableExposureWindow.swift */ = {isa = PBXFileReference; lastKnownFileType = sourcecode.swift; path = CodableExposureWindow.swift; sourceTree = "<group>"; };
/* End PBXFileReference section */

/* Begin PBXFrameworksBuildPhase section */
		D2FD69A7247D445500BA7EA1 /* Frameworks */ = {
			isa = PBXFrameworksBuildPhase;
			buildActionMask = 2147483647;
			files = (
				D2FD69CA247D45A100BA7EA1 /* SwiftProtobufPluginLibrary in Frameworks */,
				D2FD69C8247D45A100BA7EA1 /* SwiftProtobuf in Frameworks */,
			);
			runOnlyForDeploymentPostprocessing = 0;
		};
		F44A2111258CDB410056E9E6 /* Frameworks */ = {
			isa = PBXFrameworksBuildPhase;
			buildActionMask = 2147483647;
			files = (
			);
			runOnlyForDeploymentPostprocessing = 0;
		};
/* End PBXFrameworksBuildPhase section */

/* Begin PBXGroup section */
		D2FD69A1247D445500BA7EA1 = {
			isa = PBXGroup;
			children = (
				D290F66024814BC2007ECE7C /* lab-test.jpg */,
				D290F65E24814900007ECE7C /* README.md */,
				D290F65C248147A8007ECE7C /* LICENSE */,
				D2FD69AC247D445500BA7EA1 /* En Validatie */,
				F44A2115258CDB410056E9E6 /* EN ValidatieTests */,
				D2FD69AB247D445500BA7EA1 /* Products */,
			);
			sourceTree = "<group>";
		};
		D2FD69AB247D445500BA7EA1 /* Products */ = {
			isa = PBXGroup;
			children = (
				D2FD69AA247D445500BA7EA1 /* EN Validatie.app */,
				F44A2114258CDB410056E9E6 /* EN ValidatieTests.xctest */,
			);
			name = Products;
			sourceTree = "<group>";
		};
		D2FD69AC247D445500BA7EA1 /* En Validatie */ = {
			isa = PBXGroup;
			children = (
				D2FD69D2247D85EF00BA7EA1 /* VC */,
				D2FD69CB247D460F00BA7EA1 /* Model */,
				D2FD69C4247D454A00BA7EA1 /* ExposureKeyData.pb.swift */,
				D2FD69C1247D448500BA7EA1 /* En Demo.entitlements */,
				D2FD69AD247D445500BA7EA1 /* AppDelegate.swift */,
				D2FD69AF247D445500BA7EA1 /* SceneDelegate.swift */,
				D2FD69B3247D445500BA7EA1 /* Main.storyboard */,
				D2FD69B6247D445700BA7EA1 /* Assets.xcassets */,
				D2FD69B8247D445700BA7EA1 /* LaunchScreen.storyboard */,
				D2FD69BB247D445700BA7EA1 /* Info.plist */,
				D2B66A66248009690006755A /* Config.swift */,
				F44A210D258CDAD10056E9E6 /* TestResultExporter.swift */,
			);
			path = "En Validatie";
			sourceTree = "<group>";
		};
		D2FD69CB247D460F00BA7EA1 /* Model */ = {
			isa = PBXGroup;
			children = (
				D2FD69CC247D461C00BA7EA1 /* Server.swift */,
				D2FD69CE247D46E800BA7EA1 /* LocalStore.swift */,
				D2FD69C2247D450E00BA7EA1 /* ExposureManager.swift */,
				F47980952565B84600185C37 /* ExportTestResult.swift */,
				F4FF4B4C256BEF6800E69EA9 /* ScanTestResult.swift */,
				F4FF4B4F256BEF7800E69EA9 /* CodableExposureWindow.swift */,
			);
			path = Model;
			sourceTree = "<group>";
		};
		D2FD69D2247D85EF00BA7EA1 /* VC */ = {
			isa = PBXGroup;
			children = (
				D2FD69B1247D445500BA7EA1 /* ReceiverViewController.swift */,
				D2FD69D0247D4ADF00BA7EA1 /* ScannerViewController.swift */,
				D2FD69D3247D860800BA7EA1 /* SenderViewController.swift */,
			);
			path = VC;
			sourceTree = "<group>";
		};
		F44A2115258CDB410056E9E6 /* EN ValidatieTests */ = {
			isa = PBXGroup;
			children = (
				F44A2118258CDB410056E9E6 /* Info.plist */,
				F44A2123258CDB620056E9E6 /* TestResultExporterTests.swift */,
				F44A2122258CDB620056E9E6 /* EN ValidatieTests-Bridging-Header.h */,
			);
			path = "EN ValidatieTests";
			sourceTree = "<group>";
		};
/* End PBXGroup section */

/* Begin PBXNativeTarget section */
		D2FD69A9247D445500BA7EA1 /* En Validatie */ = {
			isa = PBXNativeTarget;
			buildConfigurationList = D2FD69BE247D445700BA7EA1 /* Build configuration list for PBXNativeTarget "En Validatie" */;
			buildPhases = (
				D2FD69A6247D445500BA7EA1 /* Sources */,
				D2FD69A7247D445500BA7EA1 /* Frameworks */,
				D2FD69A8247D445500BA7EA1 /* Resources */,
			);
			buildRules = (
			);
			dependencies = (
			);
			name = "En Validatie";
			packageProductDependencies = (
				D2FD69C7247D45A100BA7EA1 /* SwiftProtobuf */,
				D2FD69C9247D45A100BA7EA1 /* SwiftProtobufPluginLibrary */,
			);
			productName = "En Validatie";
			productReference = D2FD69AA247D445500BA7EA1 /* EN Validatie.app */;
			productType = "com.apple.product-type.application";
		};
		F44A2113258CDB410056E9E6 /* EN ValidatieTests */ = {
			isa = PBXNativeTarget;
			buildConfigurationList = F44A211B258CDB420056E9E6 /* Build configuration list for PBXNativeTarget "EN ValidatieTests" */;
			buildPhases = (
				F44A2110258CDB410056E9E6 /* Sources */,
				F44A2111258CDB410056E9E6 /* Frameworks */,
				F44A2112258CDB410056E9E6 /* Resources */,
			);
			buildRules = (
			);
			dependencies = (
				F44A211A258CDB410056E9E6 /* PBXTargetDependency */,
			);
			name = "EN ValidatieTests";
			productName = "EN ValidatieTests";
			productReference = F44A2114258CDB410056E9E6 /* EN ValidatieTests.xctest */;
			productType = "com.apple.product-type.bundle.unit-test";
		};
/* End PBXNativeTarget section */

/* Begin PBXProject section */
		D2FD69A2247D445500BA7EA1 /* Project object */ = {
			isa = PBXProject;
			attributes = {
				LastSwiftUpdateCheck = 1230;
				LastUpgradeCheck = 1210;
				ORGANIZATIONNAME = Rijksoverheid;
				TargetAttributes = {
					D2FD69A9247D445500BA7EA1 = {
						CreatedOnToolsVersion = 11.5;
					};
					F44A2113258CDB410056E9E6 = {
						CreatedOnToolsVersion = 12.3;
						LastSwiftMigration = 1230;
						TestTargetID = D2FD69A9247D445500BA7EA1;
					};
				};
			};
			buildConfigurationList = D2FD69A5247D445500BA7EA1 /* Build configuration list for PBXProject "En Validatie" */;
			compatibilityVersion = "Xcode 9.3";
			developmentRegion = en;
			hasScannedForEncodings = 0;
			knownRegions = (
				en,
				Base,
			);
			mainGroup = D2FD69A1247D445500BA7EA1;
			packageReferences = (
				D2FD69C6247D45A100BA7EA1 /* XCRemoteSwiftPackageReference "swift-protobuf" */,
			);
			productRefGroup = D2FD69AB247D445500BA7EA1 /* Products */;
			projectDirPath = "";
			projectRoot = "";
			targets = (
				D2FD69A9247D445500BA7EA1 /* En Validatie */,
				F44A2113258CDB410056E9E6 /* EN ValidatieTests */,
			);
		};
/* End PBXProject section */

/* Begin PBXResourcesBuildPhase section */
		D2FD69A8247D445500BA7EA1 /* Resources */ = {
			isa = PBXResourcesBuildPhase;
			buildActionMask = 2147483647;
			files = (
				D290F65F24814900007ECE7C /* README.md in Resources */,
				D2FD69BA247D445700BA7EA1 /* LaunchScreen.storyboard in Resources */,
				D2FD69B7247D445700BA7EA1 /* Assets.xcassets in Resources */,
				D2FD69B5247D445500BA7EA1 /* Main.storyboard in Resources */,
				D290F66124814BC2007ECE7C /* lab-test.jpg in Resources */,
				D290F65D248147A8007ECE7C /* LICENSE in Resources */,
			);
			runOnlyForDeploymentPostprocessing = 0;
		};
		F44A2112258CDB410056E9E6 /* Resources */ = {
			isa = PBXResourcesBuildPhase;
			buildActionMask = 2147483647;
			files = (
			);
			runOnlyForDeploymentPostprocessing = 0;
		};
/* End PBXResourcesBuildPhase section */

/* Begin PBXSourcesBuildPhase section */
		D2FD69A6247D445500BA7EA1 /* Sources */ = {
			isa = PBXSourcesBuildPhase;
			buildActionMask = 2147483647;
			files = (
				F4FF4B50256BEF7800E69EA9 /* CodableExposureWindow.swift in Sources */,
				D2FD69D4247D860800BA7EA1 /* SenderViewController.swift in Sources */,
				D2FD69B2247D445500BA7EA1 /* ReceiverViewController.swift in Sources */,
				D2FD69CF247D46E800BA7EA1 /* LocalStore.swift in Sources */,
				D2FD69AE247D445500BA7EA1 /* AppDelegate.swift in Sources */,
				F47980962565B84600185C37 /* ExportTestResult.swift in Sources */,
				D2FD69C3247D450E00BA7EA1 /* ExposureManager.swift in Sources */,
				D2FD69B0247D445500BA7EA1 /* SceneDelegate.swift in Sources */,
				D2FD69CD247D461C00BA7EA1 /* Server.swift in Sources */,
				F44A210E258CDAD10056E9E6 /* TestResultExporter.swift in Sources */,
				D2B66A67248009690006755A /* Config.swift in Sources */,
				D2FD69C5247D454A00BA7EA1 /* ExposureKeyData.pb.swift in Sources */,
				D2FD69D1247D4ADF00BA7EA1 /* ScannerViewController.swift in Sources */,
				F4FF4B4D256BEF6800E69EA9 /* ScanTestResult.swift in Sources */,
			);
			runOnlyForDeploymentPostprocessing = 0;
		};
		F44A2110258CDB410056E9E6 /* Sources */ = {
			isa = PBXSourcesBuildPhase;
			buildActionMask = 2147483647;
			files = (
				F44A2124258CDB620056E9E6 /* TestResultExporterTests.swift in Sources */,
			);
			runOnlyForDeploymentPostprocessing = 0;
		};
/* End PBXSourcesBuildPhase section */

/* Begin PBXTargetDependency section */
		F44A211A258CDB410056E9E6 /* PBXTargetDependency */ = {
			isa = PBXTargetDependency;
			target = D2FD69A9247D445500BA7EA1 /* En Validatie */;
			targetProxy = F44A2119258CDB410056E9E6 /* PBXContainerItemProxy */;
		};
/* End PBXTargetDependency section */

/* Begin PBXVariantGroup section */
		D2FD69B3247D445500BA7EA1 /* Main.storyboard */ = {
			isa = PBXVariantGroup;
			children = (
				D2FD69B4247D445500BA7EA1 /* Base */,
			);
			name = Main.storyboard;
			sourceTree = "<group>";
		};
		D2FD69B8247D445700BA7EA1 /* LaunchScreen.storyboard */ = {
			isa = PBXVariantGroup;
			children = (
				D2FD69B9247D445700BA7EA1 /* Base */,
			);
			name = LaunchScreen.storyboard;
			sourceTree = "<group>";
		};
/* End PBXVariantGroup section */

/* Begin XCBuildConfiguration section */
		D2FD69BC247D445700BA7EA1 /* Debug */ = {
			isa = XCBuildConfiguration;
			buildSettings = {
				ALWAYS_SEARCH_USER_PATHS = NO;
				CLANG_ANALYZER_NONNULL = YES;
				CLANG_ANALYZER_NUMBER_OBJECT_CONVERSION = YES_AGGRESSIVE;
				CLANG_CXX_LANGUAGE_STANDARD = "gnu++14";
				CLANG_CXX_LIBRARY = "libc++";
				CLANG_ENABLE_MODULES = YES;
				CLANG_ENABLE_OBJC_ARC = YES;
				CLANG_ENABLE_OBJC_WEAK = YES;
				CLANG_WARN_BLOCK_CAPTURE_AUTORELEASING = YES;
				CLANG_WARN_BOOL_CONVERSION = YES;
				CLANG_WARN_COMMA = YES;
				CLANG_WARN_CONSTANT_CONVERSION = YES;
				CLANG_WARN_DEPRECATED_OBJC_IMPLEMENTATIONS = YES;
				CLANG_WARN_DIRECT_OBJC_ISA_USAGE = YES_ERROR;
				CLANG_WARN_DOCUMENTATION_COMMENTS = YES;
				CLANG_WARN_EMPTY_BODY = YES;
				CLANG_WARN_ENUM_CONVERSION = YES;
				CLANG_WARN_INFINITE_RECURSION = YES;
				CLANG_WARN_INT_CONVERSION = YES;
				CLANG_WARN_NON_LITERAL_NULL_CONVERSION = YES;
				CLANG_WARN_OBJC_IMPLICIT_RETAIN_SELF = YES;
				CLANG_WARN_OBJC_LITERAL_CONVERSION = YES;
				CLANG_WARN_OBJC_ROOT_CLASS = YES_ERROR;
				CLANG_WARN_QUOTED_INCLUDE_IN_FRAMEWORK_HEADER = YES;
				CLANG_WARN_RANGE_LOOP_ANALYSIS = YES;
				CLANG_WARN_STRICT_PROTOTYPES = YES;
				CLANG_WARN_SUSPICIOUS_MOVE = YES;
				CLANG_WARN_UNGUARDED_AVAILABILITY = YES_AGGRESSIVE;
				CLANG_WARN_UNREACHABLE_CODE = YES;
				CLANG_WARN__DUPLICATE_METHOD_MATCH = YES;
				COPY_PHASE_STRIP = NO;
				DEBUG_INFORMATION_FORMAT = dwarf;
				ENABLE_STRICT_OBJC_MSGSEND = YES;
				ENABLE_TESTABILITY = YES;
				GCC_C_LANGUAGE_STANDARD = gnu11;
				GCC_DYNAMIC_NO_PIC = NO;
				GCC_NO_COMMON_BLOCKS = YES;
				GCC_OPTIMIZATION_LEVEL = 0;
				GCC_PREPROCESSOR_DEFINITIONS = (
					"DEBUG=1",
					"$(inherited)",
				);
				GCC_WARN_64_TO_32_BIT_CONVERSION = YES;
				GCC_WARN_ABOUT_RETURN_TYPE = YES_ERROR;
				GCC_WARN_UNDECLARED_SELECTOR = YES;
				GCC_WARN_UNINITIALIZED_AUTOS = YES_AGGRESSIVE;
				GCC_WARN_UNUSED_FUNCTION = YES;
				GCC_WARN_UNUSED_VARIABLE = YES;
				IPHONEOS_DEPLOYMENT_TARGET = 12.5;
				MTL_ENABLE_DEBUG_INFO = INCLUDE_SOURCE;
				MTL_FAST_MATH = YES;
				ONLY_ACTIVE_ARCH = YES;
				SDKROOT = iphoneos;
				SWIFT_ACTIVE_COMPILATION_CONDITIONS = DEBUG;
				SWIFT_OPTIMIZATION_LEVEL = "-Onone";
			};
			name = Debug;
		};
		D2FD69BD247D445700BA7EA1 /* Release */ = {
			isa = XCBuildConfiguration;
			buildSettings = {
				ALWAYS_SEARCH_USER_PATHS = NO;
				CLANG_ANALYZER_NONNULL = YES;
				CLANG_ANALYZER_NUMBER_OBJECT_CONVERSION = YES_AGGRESSIVE;
				CLANG_CXX_LANGUAGE_STANDARD = "gnu++14";
				CLANG_CXX_LIBRARY = "libc++";
				CLANG_ENABLE_MODULES = YES;
				CLANG_ENABLE_OBJC_ARC = YES;
				CLANG_ENABLE_OBJC_WEAK = YES;
				CLANG_WARN_BLOCK_CAPTURE_AUTORELEASING = YES;
				CLANG_WARN_BOOL_CONVERSION = YES;
				CLANG_WARN_COMMA = YES;
				CLANG_WARN_CONSTANT_CONVERSION = YES;
				CLANG_WARN_DEPRECATED_OBJC_IMPLEMENTATIONS = YES;
				CLANG_WARN_DIRECT_OBJC_ISA_USAGE = YES_ERROR;
				CLANG_WARN_DOCUMENTATION_COMMENTS = YES;
				CLANG_WARN_EMPTY_BODY = YES;
				CLANG_WARN_ENUM_CONVERSION = YES;
				CLANG_WARN_INFINITE_RECURSION = YES;
				CLANG_WARN_INT_CONVERSION = YES;
				CLANG_WARN_NON_LITERAL_NULL_CONVERSION = YES;
				CLANG_WARN_OBJC_IMPLICIT_RETAIN_SELF = YES;
				CLANG_WARN_OBJC_LITERAL_CONVERSION = YES;
				CLANG_WARN_OBJC_ROOT_CLASS = YES_ERROR;
				CLANG_WARN_QUOTED_INCLUDE_IN_FRAMEWORK_HEADER = YES;
				CLANG_WARN_RANGE_LOOP_ANALYSIS = YES;
				CLANG_WARN_STRICT_PROTOTYPES = YES;
				CLANG_WARN_SUSPICIOUS_MOVE = YES;
				CLANG_WARN_UNGUARDED_AVAILABILITY = YES_AGGRESSIVE;
				CLANG_WARN_UNREACHABLE_CODE = YES;
				CLANG_WARN__DUPLICATE_METHOD_MATCH = YES;
				COPY_PHASE_STRIP = NO;
				DEBUG_INFORMATION_FORMAT = "dwarf-with-dsym";
				ENABLE_NS_ASSERTIONS = NO;
				ENABLE_STRICT_OBJC_MSGSEND = YES;
				GCC_C_LANGUAGE_STANDARD = gnu11;
				GCC_NO_COMMON_BLOCKS = YES;
				GCC_WARN_64_TO_32_BIT_CONVERSION = YES;
				GCC_WARN_ABOUT_RETURN_TYPE = YES_ERROR;
				GCC_WARN_UNDECLARED_SELECTOR = YES;
				GCC_WARN_UNINITIALIZED_AUTOS = YES_AGGRESSIVE;
				GCC_WARN_UNUSED_FUNCTION = YES;
				GCC_WARN_UNUSED_VARIABLE = YES;
				IPHONEOS_DEPLOYMENT_TARGET = 12.5;
				MTL_ENABLE_DEBUG_INFO = NO;
				MTL_FAST_MATH = YES;
				SDKROOT = iphoneos;
				SWIFT_COMPILATION_MODE = wholemodule;
				SWIFT_OPTIMIZATION_LEVEL = "-O";
				VALIDATE_PRODUCT = YES;
			};
			name = Release;
		};
		D2FD69BF247D445700BA7EA1 /* Debug */ = {
			isa = XCBuildConfiguration;
			buildSettings = {
				ASSETCATALOG_COMPILER_APPICON_NAME = AppIcon;
				CODE_SIGN_ENTITLEMENTS = "En Validatie/En Demo.entitlements";
				CODE_SIGN_IDENTITY = "iPhone Developer";
				CODE_SIGN_STYLE = Manual;
				CURRENT_PROJECT_VERSION = 13;
				DEVELOPMENT_TEAM = C2H38GV99H;
				INFOPLIST_FILE = "En Validatie/Info.plist";
				LD_RUNPATH_SEARCH_PATHS = (
					"$(inherited)",
					"@executable_path/Frameworks",
				);
				MARKETING_VERSION = 1.1;
				PRODUCT_BUNDLE_IDENTIFIER = nl.rijksoverheid.en.lab;
				PRODUCT_NAME = "EN Validatie";
				PROVISIONING_PROFILE_SPECIFIER = "EN Validatie dev";
				SWIFT_VERSION = 5.0;
				TARGETED_DEVICE_FAMILY = 1;
			};
			name = Debug;
		};
		D2FD69C0247D445700BA7EA1 /* Release */ = {
			isa = XCBuildConfiguration;
			buildSettings = {
				ASSETCATALOG_COMPILER_APPICON_NAME = AppIcon;
				CODE_SIGN_ENTITLEMENTS = "En Validatie/En Demo.entitlements";
				CODE_SIGN_IDENTITY = "iPhone Developer";
				CODE_SIGN_STYLE = Manual;
				CURRENT_PROJECT_VERSION = 13;
				DEVELOPMENT_TEAM = C2H38GV99H;
				INFOPLIST_FILE = "En Validatie/Info.plist";
				LD_RUNPATH_SEARCH_PATHS = (
					"$(inherited)",
					"@executable_path/Frameworks",
				);
				MARKETING_VERSION = 1.1;
				PRODUCT_BUNDLE_IDENTIFIER = nl.rijksoverheid.en.lab;
				PRODUCT_NAME = "EN Validatie";
				PROVISIONING_PROFILE_SPECIFIER = "EN Validatie dev";
				SWIFT_VERSION = 5.0;
				TARGETED_DEVICE_FAMILY = 1;
			};
			name = Release;
		};
		F44A211C258CDB420056E9E6 /* Debug */ = {
			isa = XCBuildConfiguration;
			buildSettings = {
				BUNDLE_LOADER = "$(TEST_HOST)";
				CLANG_ENABLE_MODULES = YES;
				CODE_SIGN_STYLE = Automatic;
				INFOPLIST_FILE = "EN ValidatieTests/Info.plist";
				IPHONEOS_DEPLOYMENT_TARGET = 14.3;
				LD_RUNPATH_SEARCH_PATHS = (
					"$(inherited)",
					"@executable_path/Frameworks",
					"@loader_path/Frameworks",
				);
				PRODUCT_BUNDLE_IDENTIFIER = "nl.rijksoverheid.EN-ValidatieTests";
				PRODUCT_NAME = "$(TARGET_NAME)";
				SWIFT_OBJC_BRIDGING_HEADER = "EN ValidatieTests/EN ValidatieTests-Bridging-Header.h";
				SWIFT_OPTIMIZATION_LEVEL = "-Onone";
				SWIFT_VERSION = 5.0;
				TARGETED_DEVICE_FAMILY = "1,2";
				TEST_HOST = "$(BUILT_PRODUCTS_DIR)/EN Validatie.app/EN Validatie";
			};
			name = Debug;
		};
		F44A211D258CDB420056E9E6 /* Release */ = {
			isa = XCBuildConfiguration;
			buildSettings = {
				BUNDLE_LOADER = "$(TEST_HOST)";
				CLANG_ENABLE_MODULES = YES;
				CODE_SIGN_STYLE = Automatic;
				INFOPLIST_FILE = "EN ValidatieTests/Info.plist";
				IPHONEOS_DEPLOYMENT_TARGET = 14.3;
				LD_RUNPATH_SEARCH_PATHS = (
					"$(inherited)",
					"@executable_path/Frameworks",
					"@loader_path/Frameworks",
				);
				PRODUCT_BUNDLE_IDENTIFIER = "nl.rijksoverheid.EN-ValidatieTests";
				PRODUCT_NAME = "$(TARGET_NAME)";
				SWIFT_OBJC_BRIDGING_HEADER = "EN ValidatieTests/EN ValidatieTests-Bridging-Header.h";
				SWIFT_VERSION = 5.0;
				TARGETED_DEVICE_FAMILY = "1,2";
				TEST_HOST = "$(BUILT_PRODUCTS_DIR)/EN Validatie.app/EN Validatie";
			};
			name = Release;
		};
/* End XCBuildConfiguration section */

/* Begin XCConfigurationList section */
		D2FD69A5247D445500BA7EA1 /* Build configuration list for PBXProject "En Validatie" */ = {
			isa = XCConfigurationList;
			buildConfigurations = (
				D2FD69BC247D445700BA7EA1 /* Debug */,
				D2FD69BD247D445700BA7EA1 /* Release */,
			);
			defaultConfigurationIsVisible = 0;
			defaultConfigurationName = Release;
		};
		D2FD69BE247D445700BA7EA1 /* Build configuration list for PBXNativeTarget "En Validatie" */ = {
			isa = XCConfigurationList;
			buildConfigurations = (
				D2FD69BF247D445700BA7EA1 /* Debug */,
				D2FD69C0247D445700BA7EA1 /* Release */,
			);
			defaultConfigurationIsVisible = 0;
			defaultConfigurationName = Release;
		};
		F44A211B258CDB420056E9E6 /* Build configuration list for PBXNativeTarget "EN ValidatieTests" */ = {
			isa = XCConfigurationList;
			buildConfigurations = (
				F44A211C258CDB420056E9E6 /* Debug */,
				F44A211D258CDB420056E9E6 /* Release */,
			);
			defaultConfigurationIsVisible = 0;
			defaultConfigurationName = Release;
		};
/* End XCConfigurationList section */

/* Begin XCRemoteSwiftPackageReference section */
		D2FD69C6247D45A100BA7EA1 /* XCRemoteSwiftPackageReference "swift-protobuf" */ = {
			isa = XCRemoteSwiftPackageReference;
			repositoryURL = "https://github.com/apple/swift-protobuf/";
			requirement = {
				kind = upToNextMajorVersion;
				minimumVersion = 1.9.0;
			};
		};
/* End XCRemoteSwiftPackageReference section */

/* Begin XCSwiftPackageProductDependency section */
		D2FD69C7247D45A100BA7EA1 /* SwiftProtobuf */ = {
			isa = XCSwiftPackageProductDependency;
			package = D2FD69C6247D45A100BA7EA1 /* XCRemoteSwiftPackageReference "swift-protobuf" */;
			productName = SwiftProtobuf;
		};
		D2FD69C9247D45A100BA7EA1 /* SwiftProtobufPluginLibrary */ = {
			isa = XCSwiftPackageProductDependency;
			package = D2FD69C6247D45A100BA7EA1 /* XCRemoteSwiftPackageReference "swift-protobuf" */;
			productName = SwiftProtobufPluginLibrary;
		};
/* End XCSwiftPackageProductDependency section */
	};
	rootObject = D2FD69A2247D445500BA7EA1 /* Project object */;
}
