// !$*UTF8*$!
{
	archiveVersion = 1;
	classes = {
	};
	objectVersion = 52;
	objects = {

/* Begin PBXBuildFile section */
		D26CCF3F247E945000E0231B /* AppCenterCrashes in Frameworks */ = {isa = PBXBuildFile; productRef = D26CCF3E247E945000E0231B /* AppCenterCrashes */; };
		D26CCF41247E945000E0231B /* AppCenterAnalytics in Frameworks */ = {isa = PBXBuildFile; productRef = D26CCF40247E945000E0231B /* AppCenterAnalytics */; };
		D290F65D248147A8007ECE7C /* LICENSE in Resources */ = {isa = PBXBuildFile; fileRef = D290F65C248147A8007ECE7C /* LICENSE */; };
		D290F65F24814900007ECE7C /* README.md in Resources */ = {isa = PBXBuildFile; fileRef = D290F65E24814900007ECE7C /* README.md */; };
		D290F66124814BC2007ECE7C /* lab-test.jpg in Resources */ = {isa = PBXBuildFile; fileRef = D290F66024814BC2007ECE7C /* lab-test.jpg */; };
		D2B66A67248009690006755A /* Config.swift in Sources */ = {isa = PBXBuildFile; fileRef = D2B66A66248009690006755A /* Config.swift */; };
		D2FD69AE247D445500BA7EA1 /* AppDelegate.swift in Sources */ = {isa = PBXBuildFile; fileRef = D2FD69AD247D445500BA7EA1 /* AppDelegate.swift */; };
		D2FD69B0247D445500BA7EA1 /* SceneDelegate.swift in Sources */ = {isa = PBXBuildFile; fileRef = D2FD69AF247D445500BA7EA1 /* SceneDelegate.swift */; };
		D2FD69B2247D445500BA7EA1 /* ViewController.swift in Sources */ = {isa = PBXBuildFile; fileRef = D2FD69B1247D445500BA7EA1 /* ViewController.swift */; };
		D2FD69B5247D445500BA7EA1 /* Main.storyboard in Resources */ = {isa = PBXBuildFile; fileRef = D2FD69B3247D445500BA7EA1 /* Main.storyboard */; };
		D2FD69B7247D445700BA7EA1 /* Assets.xcassets in Resources */ = {isa = PBXBuildFile; fileRef = D2FD69B6247D445700BA7EA1 /* Assets.xcassets */; };
		D2FD69BA247D445700BA7EA1 /* LaunchScreen.storyboard in Resources */ = {isa = PBXBuildFile; fileRef = D2FD69B8247D445700BA7EA1 /* LaunchScreen.storyboard */; };
		D2FD69C3247D450E00BA7EA1 /* ExposureManager.swift in Sources */ = {isa = PBXBuildFile; fileRef = D2FD69C2247D450E00BA7EA1 /* ExposureManager.swift */; };
		D2FD69C5247D454A00BA7EA1 /* ExposureKeyData.pb.swift in Sources */ = {isa = PBXBuildFile; fileRef = D2FD69C4247D454A00BA7EA1 /* ExposureKeyData.pb.swift */; };
		D2FD69C8247D45A100BA7EA1 /* SwiftProtobuf in Frameworks */ = {isa = PBXBuildFile; productRef = D2FD69C7247D45A100BA7EA1 /* SwiftProtobuf */; };
		D2FD69CA247D45A100BA7EA1 /* SwiftProtobufPluginLibrary in Frameworks */ = {isa = PBXBuildFile; productRef = D2FD69C9247D45A100BA7EA1 /* SwiftProtobufPluginLibrary */; };
		D2FD69CD247D461C00BA7EA1 /* Server.swift in Sources */ = {isa = PBXBuildFile; fileRef = D2FD69CC247D461C00BA7EA1 /* Server.swift */; };
		D2FD69CF247D46E800BA7EA1 /* LocalStore.swift in Sources */ = {isa = PBXBuildFile; fileRef = D2FD69CE247D46E800BA7EA1 /* LocalStore.swift */; };
		D2FD69D1247D4ADF00BA7EA1 /* ScannerViewController.swift in Sources */ = {isa = PBXBuildFile; fileRef = D2FD69D0247D4ADF00BA7EA1 /* ScannerViewController.swift */; };
		D2FD69D4247D860800BA7EA1 /* ServerViewController.swift in Sources */ = {isa = PBXBuildFile; fileRef = D2FD69D3247D860800BA7EA1 /* ServerViewController.swift */; };
/* End PBXBuildFile section */

/* Begin PBXFileReference section */
		D290F65C248147A8007ECE7C /* LICENSE */ = {isa = PBXFileReference; lastKnownFileType = folder; path = LICENSE; sourceTree = "<group>"; };
		D290F65E24814900007ECE7C /* README.md */ = {isa = PBXFileReference; fileEncoding = 4; lastKnownFileType = net.daringfireball.markdown; path = README.md; sourceTree = "<group>"; };
		D290F66024814BC2007ECE7C /* lab-test.jpg */ = {isa = PBXFileReference; lastKnownFileType = image.jpeg; path = "lab-test.jpg"; sourceTree = "<group>"; };
		D2B66A65248008730006755A /* Config.xcconfig */ = {isa = PBXFileReference; lastKnownFileType = text.xcconfig; path = Config.xcconfig; sourceTree = "<group>"; };
		D2B66A66248009690006755A /* Config.swift */ = {isa = PBXFileReference; lastKnownFileType = sourcecode.swift; path = Config.swift; sourceTree = "<group>"; };
		D2FD69AA247D445500BA7EA1 /* EN Validatie.app */ = {isa = PBXFileReference; explicitFileType = wrapper.application; includeInIndex = 0; path = "EN Validatie.app"; sourceTree = BUILT_PRODUCTS_DIR; };
		D2FD69AD247D445500BA7EA1 /* AppDelegate.swift */ = {isa = PBXFileReference; lastKnownFileType = sourcecode.swift; path = AppDelegate.swift; sourceTree = "<group>"; };
		D2FD69AF247D445500BA7EA1 /* SceneDelegate.swift */ = {isa = PBXFileReference; lastKnownFileType = sourcecode.swift; path = SceneDelegate.swift; sourceTree = "<group>"; };
		D2FD69B1247D445500BA7EA1 /* ViewController.swift */ = {isa = PBXFileReference; lastKnownFileType = sourcecode.swift; path = ViewController.swift; sourceTree = "<group>"; };
		D2FD69B4247D445500BA7EA1 /* Base */ = {isa = PBXFileReference; lastKnownFileType = file.storyboard; name = Base; path = Base.lproj/Main.storyboard; sourceTree = "<group>"; };
		D2FD69B6247D445700BA7EA1 /* Assets.xcassets */ = {isa = PBXFileReference; lastKnownFileType = folder.assetcatalog; path = Assets.xcassets; sourceTree = "<group>"; };
		D2FD69B9247D445700BA7EA1 /* Base */ = {isa = PBXFileReference; lastKnownFileType = file.storyboard; name = Base; path = Base.lproj/LaunchScreen.storyboard; sourceTree = "<group>"; };
		D2FD69BB247D445700BA7EA1 /* Info.plist */ = {isa = PBXFileReference; lastKnownFileType = text.plist.xml; path = Info.plist; sourceTree = "<group>"; };
		D2FD69C1247D448500BA7EA1 /* En Demo.entitlements */ = {isa = PBXFileReference; lastKnownFileType = text.plist.entitlements; path = "En Demo.entitlements"; sourceTree = "<group>"; };
		D2FD69C2247D450E00BA7EA1 /* ExposureManager.swift */ = {isa = PBXFileReference; fileEncoding = 4; lastKnownFileType = sourcecode.swift; path = ExposureManager.swift; sourceTree = "<group>"; };
		D2FD69C4247D454A00BA7EA1 /* ExposureKeyData.pb.swift */ = {isa = PBXFileReference; fileEncoding = 4; lastKnownFileType = sourcecode.swift; path = ExposureKeyData.pb.swift; sourceTree = "<group>"; };
		D2FD69CC247D461C00BA7EA1 /* Server.swift */ = {isa = PBXFileReference; fileEncoding = 4; lastKnownFileType = sourcecode.swift; path = Server.swift; sourceTree = "<group>"; };
		D2FD69CE247D46E800BA7EA1 /* LocalStore.swift */ = {isa = PBXFileReference; fileEncoding = 4; lastKnownFileType = sourcecode.swift; path = LocalStore.swift; sourceTree = "<group>"; };
		D2FD69D0247D4ADF00BA7EA1 /* ScannerViewController.swift */ = {isa = PBXFileReference; lastKnownFileType = sourcecode.swift; path = ScannerViewController.swift; sourceTree = "<group>"; };
		D2FD69D3247D860800BA7EA1 /* ServerViewController.swift */ = {isa = PBXFileReference; lastKnownFileType = sourcecode.swift; path = ServerViewController.swift; sourceTree = "<group>"; };
/* End PBXFileReference section */

/* Begin PBXFrameworksBuildPhase section */
		D2FD69A7247D445500BA7EA1 /* Frameworks */ = {
			isa = PBXFrameworksBuildPhase;
			buildActionMask = 2147483647;
			files = (
				D26CCF41247E945000E0231B /* AppCenterAnalytics in Frameworks */,
				D2FD69CA247D45A100BA7EA1 /* SwiftProtobufPluginLibrary in Frameworks */,
				D26CCF3F247E945000E0231B /* AppCenterCrashes in Frameworks */,
				D2FD69C8247D45A100BA7EA1 /* SwiftProtobuf in Frameworks */,
			);
			runOnlyForDeploymentPostprocessing = 0;
		};
/* End PBXFrameworksBuildPhase section */

/* Begin PBXGroup section */
		D2FD69A1247D445500BA7EA1 = {
			isa = PBXGroup;
			children = (
				D290F66024814BC2007ECE7C /* lab-test.jpg */,
				D290F65E24814900007ECE7C /* README.md */,
				D290F65C248147A8007ECE7C /* LICENSE */,
				D2FD69AC247D445500BA7EA1 /* En Validatie */,
				D2FD69AB247D445500BA7EA1 /* Products */,
			);
			sourceTree = "<group>";
		};
		D2FD69AB247D445500BA7EA1 /* Products */ = {
			isa = PBXGroup;
			children = (
				D2FD69AA247D445500BA7EA1 /* EN Validatie.app */,
			);
			name = Products;
			sourceTree = "<group>";
		};
		D2FD69AC247D445500BA7EA1 /* En Validatie */ = {
			isa = PBXGroup;
			children = (
				D2FD69D2247D85EF00BA7EA1 /* VC */,
				D2FD69CB247D460F00BA7EA1 /* Model */,
				D2FD69C4247D454A00BA7EA1 /* ExposureKeyData.pb.swift */,
				D2FD69C1247D448500BA7EA1 /* En Demo.entitlements */,
				D2FD69AD247D445500BA7EA1 /* AppDelegate.swift */,
				D2FD69AF247D445500BA7EA1 /* SceneDelegate.swift */,
				D2FD69B3247D445500BA7EA1 /* Main.storyboard */,
				D2FD69B6247D445700BA7EA1 /* Assets.xcassets */,
				D2FD69B8247D445700BA7EA1 /* LaunchScreen.storyboard */,
				D2FD69BB247D445700BA7EA1 /* Info.plist */,
				D2B66A65248008730006755A /* Config.xcconfig */,
				D2B66A66248009690006755A /* Config.swift */,
			);
			path = "En Validatie";
			sourceTree = "<group>";
		};
		D2FD69CB247D460F00BA7EA1 /* Model */ = {
			isa = PBXGroup;
			children = (
				D2FD69CC247D461C00BA7EA1 /* Server.swift */,
				D2FD69CE247D46E800BA7EA1 /* LocalStore.swift */,
				D2FD69C2247D450E00BA7EA1 /* ExposureManager.swift */,
			);
			path = Model;
			sourceTree = "<group>";
		};
		D2FD69D2247D85EF00BA7EA1 /* VC */ = {
			isa = PBXGroup;
			children = (
				D2FD69B1247D445500BA7EA1 /* ViewController.swift */,
				D2FD69D0247D4ADF00BA7EA1 /* ScannerViewController.swift */,
				D2FD69D3247D860800BA7EA1 /* ServerViewController.swift */,
			);
			path = VC;
			sourceTree = "<group>";
		};
/* End PBXGroup section */

/* Begin PBXNativeTarget section */
		D2FD69A9247D445500BA7EA1 /* En Validatie */ = {
			isa = PBXNativeTarget;
			buildConfigurationList = D2FD69BE247D445700BA7EA1 /* Build configuration list for PBXNativeTarget "En Validatie" */;
			buildPhases = (
				D2FD69A6247D445500BA7EA1 /* Sources */,
				D2FD69A7247D445500BA7EA1 /* Frameworks */,
				D2FD69A8247D445500BA7EA1 /* Resources */,
			);
			buildRules = (
			);
			dependencies = (
			);
			name = "En Validatie";
			packageProductDependencies = (
				D2FD69C7247D45A100BA7EA1 /* SwiftProtobuf */,
				D2FD69C9247D45A100BA7EA1 /* SwiftProtobufPluginLibrary */,
				D26CCF3E247E945000E0231B /* AppCenterCrashes */,
				D26CCF40247E945000E0231B /* AppCenterAnalytics */,
			);
			productName = "En Validatie";
			productReference = D2FD69AA247D445500BA7EA1 /* EN Validatie.app */;
			productType = "com.apple.product-type.application";
		};
/* End PBXNativeTarget section */

/* Begin PBXProject section */
		D2FD69A2247D445500BA7EA1 /* Project object */ = {
			isa = PBXProject;
			attributes = {
				LastSwiftUpdateCheck = 1150;
				LastUpgradeCheck = 1210;
				ORGANIZATIONNAME = Rijksoverheid;
				TargetAttributes = {
					D2FD69A9247D445500BA7EA1 = {
						CreatedOnToolsVersion = 11.5;
					};
				};
			};
			buildConfigurationList = D2FD69A5247D445500BA7EA1 /* Build configuration list for PBXProject "En Validatie" */;
			compatibilityVersion = "Xcode 9.3";
			developmentRegion = en;
			hasScannedForEncodings = 0;
			knownRegions = (
				en,
				Base,
			);
			mainGroup = D2FD69A1247D445500BA7EA1;
			packageReferences = (
				D2FD69C6247D45A100BA7EA1 /* XCRemoteSwiftPackageReference "swift-protobuf" */,
				D26CCF3D247E945000E0231B /* XCRemoteSwiftPackageReference "appcenter-sdk-apple" */,
			);
			productRefGroup = D2FD69AB247D445500BA7EA1 /* Products */;
			projectDirPath = "";
			projectRoot = "";
			targets = (
				D2FD69A9247D445500BA7EA1 /* En Validatie */,
			);
		};
/* End PBXProject section */

/* Begin PBXResourcesBuildPhase section */
		D2FD69A8247D445500BA7EA1 /* Resources */ = {
			isa = PBXResourcesBuildPhase;
			buildActionMask = 2147483647;
			files = (
				D290F65F24814900007ECE7C /* README.md in Resources */,
				D2FD69BA247D445700BA7EA1 /* LaunchScreen.storyboard in Resources */,
				D2FD69B7247D445700BA7EA1 /* Assets.xcassets in Resources */,
				D2FD69B5247D445500BA7EA1 /* Main.storyboard in Resources */,
				D290F66124814BC2007ECE7C /* lab-test.jpg in Resources */,
				D290F65D248147A8007ECE7C /* LICENSE in Resources */,
			);
			runOnlyForDeploymentPostprocessing = 0;
		};
/* End PBXResourcesBuildPhase section */

/* Begin PBXSourcesBuildPhase section */
		D2FD69A6247D445500BA7EA1 /* Sources */ = {
			isa = PBXSourcesBuildPhase;
			buildActionMask = 2147483647;
			files = (
				D2FD69D4247D860800BA7EA1 /* ServerViewController.swift in Sources */,
				D2FD69B2247D445500BA7EA1 /* ViewController.swift in Sources */,
				D2FD69CF247D46E800BA7EA1 /* LocalStore.swift in Sources */,
				D2FD69AE247D445500BA7EA1 /* AppDelegate.swift in Sources */,
				D2FD69C3247D450E00BA7EA1 /* ExposureManager.swift in Sources */,
				D2FD69B0247D445500BA7EA1 /* SceneDelegate.swift in Sources */,
				D2FD69CD247D461C00BA7EA1 /* Server.swift in Sources */,
				D2B66A67248009690006755A /* Config.swift in Sources */,
				D2FD69C5247D454A00BA7EA1 /* ExposureKeyData.pb.swift in Sources */,
				D2FD69D1247D4ADF00BA7EA1 /* ScannerViewController.swift in Sources */,
			);
			runOnlyForDeploymentPostprocessing = 0;
		};
/* End PBXSourcesBuildPhase section */

/* Begin PBXVariantGroup section */
		D2FD69B3247D445500BA7EA1 /* Main.storyboard */ = {
			isa = PBXVariantGroup;
			children = (
				D2FD69B4247D445500BA7EA1 /* Base */,
			);
			name = Main.storyboard;
			sourceTree = "<group>";
		};
		D2FD69B8247D445700BA7EA1 /* LaunchScreen.storyboard */ = {
			isa = PBXVariantGroup;
			children = (
				D2FD69B9247D445700BA7EA1 /* Base */,
			);
			name = LaunchScreen.storyboard;
			sourceTree = "<group>";
		};
/* End PBXVariantGroup section */

/* Begin XCBuildConfiguration section */
		D2FD69BC247D445700BA7EA1 /* Debug */ = {
			isa = XCBuildConfiguration;
			buildSettings = {
				ALWAYS_SEARCH_USER_PATHS = NO;
				CLANG_ANALYZER_NONNULL = YES;
				CLANG_ANALYZER_NUMBER_OBJECT_CONVERSION = YES_AGGRESSIVE;
				CLANG_CXX_LANGUAGE_STANDARD = "gnu++14";
				CLANG_CXX_LIBRARY = "libc++";
				CLANG_ENABLE_MODULES = YES;
				CLANG_ENABLE_OBJC_ARC = YES;
				CLANG_ENABLE_OBJC_WEAK = YES;
				CLANG_WARN_BLOCK_CAPTURE_AUTORELEASING = YES;
				CLANG_WARN_BOOL_CONVERSION = YES;
				CLANG_WARN_COMMA = YES;
				CLANG_WARN_CONSTANT_CONVERSION = YES;
				CLANG_WARN_DEPRECATED_OBJC_IMPLEMENTATIONS = YES;
				CLANG_WARN_DIRECT_OBJC_ISA_USAGE = YES_ERROR;
				CLANG_WARN_DOCUMENTATION_COMMENTS = YES;
				CLANG_WARN_EMPTY_BODY = YES;
				CLANG_WARN_ENUM_CONVERSION = YES;
				CLANG_WARN_INFINITE_RECURSION = YES;
				CLANG_WARN_INT_CONVERSION = YES;
				CLANG_WARN_NON_LITERAL_NULL_CONVERSION = YES;
				CLANG_WARN_OBJC_IMPLICIT_RETAIN_SELF = YES;
				CLANG_WARN_OBJC_LITERAL_CONVERSION = YES;
				CLANG_WARN_OBJC_ROOT_CLASS = YES_ERROR;
				CLANG_WARN_QUOTED_INCLUDE_IN_FRAMEWORK_HEADER = YES;
				CLANG_WARN_RANGE_LOOP_ANALYSIS = YES;
				CLANG_WARN_STRICT_PROTOTYPES = YES;
				CLANG_WARN_SUSPICIOUS_MOVE = YES;
				CLANG_WARN_UNGUARDED_AVAILABILITY = YES_AGGRESSIVE;
				CLANG_WARN_UNREACHABLE_CODE = YES;
				CLANG_WARN__DUPLICATE_METHOD_MATCH = YES;
				COPY_PHASE_STRIP = NO;
				DEBUG_INFORMATION_FORMAT = dwarf;
				ENABLE_STRICT_OBJC_MSGSEND = YES;
				ENABLE_TESTABILITY = YES;
				GCC_C_LANGUAGE_STANDARD = gnu11;
				GCC_DYNAMIC_NO_PIC = NO;
				GCC_NO_COMMON_BLOCKS = YES;
				GCC_OPTIMIZATION_LEVEL = 0;
				GCC_PREPROCESSOR_DEFINITIONS = (
					"DEBUG=1",
					"$(inherited)",
				);
				GCC_WARN_64_TO_32_BIT_CONVERSION = YES;
				GCC_WARN_ABOUT_RETURN_TYPE = YES_ERROR;
				GCC_WARN_UNDECLARED_SELECTOR = YES;
				GCC_WARN_UNINITIALIZED_AUTOS = YES_AGGRESSIVE;
				GCC_WARN_UNUSED_FUNCTION = YES;
				GCC_WARN_UNUSED_VARIABLE = YES;
				IPHONEOS_DEPLOYMENT_TARGET = 13.5;
				MTL_ENABLE_DEBUG_INFO = INCLUDE_SOURCE;
				MTL_FAST_MATH = YES;
				ONLY_ACTIVE_ARCH = YES;
				SDKROOT = iphoneos;
				SWIFT_ACTIVE_COMPILATION_CONDITIONS = DEBUG;
				SWIFT_OPTIMIZATION_LEVEL = "-Onone";
			};
			name = Debug;
		};
		D2FD69BD247D445700BA7EA1 /* Release */ = {
			isa = XCBuildConfiguration;
			buildSettings = {
				ALWAYS_SEARCH_USER_PATHS = NO;
				CLANG_ANALYZER_NONNULL = YES;
				CLANG_ANALYZER_NUMBER_OBJECT_CONVERSION = YES_AGGRESSIVE;
				CLANG_CXX_LANGUAGE_STANDARD = "gnu++14";
				CLANG_CXX_LIBRARY = "libc++";
				CLANG_ENABLE_MODULES = YES;
				CLANG_ENABLE_OBJC_ARC = YES;
				CLANG_ENABLE_OBJC_WEAK = YES;
				CLANG_WARN_BLOCK_CAPTURE_AUTORELEASING = YES;
				CLANG_WARN_BOOL_CONVERSION = YES;
				CLANG_WARN_COMMA = YES;
				CLANG_WARN_CONSTANT_CONVERSION = YES;
				CLANG_WARN_DEPRECATED_OBJC_IMPLEMENTATIONS = YES;
				CLANG_WARN_DIRECT_OBJC_ISA_USAGE = YES_ERROR;
				CLANG_WARN_DOCUMENTATION_COMMENTS = YES;
				CLANG_WARN_EMPTY_BODY = YES;
				CLANG_WARN_ENUM_CONVERSION = YES;
				CLANG_WARN_INFINITE_RECURSION = YES;
				CLANG_WARN_INT_CONVERSION = YES;
				CLANG_WARN_NON_LITERAL_NULL_CONVERSION = YES;
				CLANG_WARN_OBJC_IMPLICIT_RETAIN_SELF = YES;
				CLANG_WARN_OBJC_LITERAL_CONVERSION = YES;
				CLANG_WARN_OBJC_ROOT_CLASS = YES_ERROR;
				CLANG_WARN_QUOTED_INCLUDE_IN_FRAMEWORK_HEADER = YES;
				CLANG_WARN_RANGE_LOOP_ANALYSIS = YES;
				CLANG_WARN_STRICT_PROTOTYPES = YES;
				CLANG_WARN_SUSPICIOUS_MOVE = YES;
				CLANG_WARN_UNGUARDED_AVAILABILITY = YES_AGGRESSIVE;
				CLANG_WARN_UNREACHABLE_CODE = YES;
				CLANG_WARN__DUPLICATE_METHOD_MATCH = YES;
				COPY_PHASE_STRIP = NO;
				DEBUG_INFORMATION_FORMAT = "dwarf-with-dsym";
				ENABLE_NS_ASSERTIONS = NO;
				ENABLE_STRICT_OBJC_MSGSEND = YES;
				GCC_C_LANGUAGE_STANDARD = gnu11;
				GCC_NO_COMMON_BLOCKS = YES;
				GCC_WARN_64_TO_32_BIT_CONVERSION = YES;
				GCC_WARN_ABOUT_RETURN_TYPE = YES_ERROR;
				GCC_WARN_UNDECLARED_SELECTOR = YES;
				GCC_WARN_UNINITIALIZED_AUTOS = YES_AGGRESSIVE;
				GCC_WARN_UNUSED_FUNCTION = YES;
				GCC_WARN_UNUSED_VARIABLE = YES;
				IPHONEOS_DEPLOYMENT_TARGET = 13.5;
				MTL_ENABLE_DEBUG_INFO = NO;
				MTL_FAST_MATH = YES;
				SDKROOT = iphoneos;
				SWIFT_COMPILATION_MODE = wholemodule;
				SWIFT_OPTIMIZATION_LEVEL = "-O";
				VALIDATE_PRODUCT = YES;
			};
			name = Release;
		};
		D2FD69BF247D445700BA7EA1 /* Debug */ = {
			isa = XCBuildConfiguration;
			buildSettings = {
				ASSETCATALOG_COMPILER_APPICON_NAME = AppIcon;
				CODE_SIGN_ENTITLEMENTS = "En Validatie/En Demo.entitlements";
				CODE_SIGN_IDENTITY = "iPhone Developer";
				CODE_SIGN_STYLE = Manual;
				DEVELOPMENT_TEAM = C2H38GV99H;
				INFOPLIST_FILE = "En Validatie/Info.plist";
				LD_RUNPATH_SEARCH_PATHS = (
					"$(inherited)",
					"@executable_path/Frameworks",
				);
				MARKETING_VERSION = 1.0.2;
				PRODUCT_BUNDLE_IDENTIFIER = nl.rijksoverheid.en.lab;
				PRODUCT_NAME = "EN Validatie";
				PROVISIONING_PROFILE_SPECIFIER = "EN Validatie dev";
				SWIFT_VERSION = 5.0;
				TARGETED_DEVICE_FAMILY = 1;
			};
			name = Debug;
		};
		D2FD69C0247D445700BA7EA1 /* Release */ = {
			isa = XCBuildConfiguration;
			buildSettings = {
				ASSETCATALOG_COMPILER_APPICON_NAME = AppIcon;
				CODE_SIGN_ENTITLEMENTS = "En Validatie/En Demo.entitlements";
				CODE_SIGN_IDENTITY = "iPhone Developer";
				CODE_SIGN_STYLE = Manual;
				DEVELOPMENT_TEAM = C2H38GV99H;
				INFOPLIST_FILE = "En Validatie/Info.plist";
				LD_RUNPATH_SEARCH_PATHS = (
					"$(inherited)",
					"@executable_path/Frameworks",
				);
				MARKETING_VERSION = 1.0.2;
				PRODUCT_BUNDLE_IDENTIFIER = nl.rijksoverheid.en.lab;
				PRODUCT_NAME = "EN Validatie";
				PROVISIONING_PROFILE_SPECIFIER = "EN Validatie dev";
				SWIFT_VERSION = 5.0;
				TARGETED_DEVICE_FAMILY = 1;
			};
			name = Release;
		};
/* End XCBuildConfiguration section */

/* Begin XCConfigurationList section */
		D2FD69A5247D445500BA7EA1 /* Build configuration list for PBXProject "En Validatie" */ = {
			isa = XCConfigurationList;
			buildConfigurations = (
				D2FD69BC247D445700BA7EA1 /* Debug */,
				D2FD69BD247D445700BA7EA1 /* Release */,
			);
			defaultConfigurationIsVisible = 0;
			defaultConfigurationName = Release;
		};
		D2FD69BE247D445700BA7EA1 /* Build configuration list for PBXNativeTarget "En Validatie" */ = {
			isa = XCConfigurationList;
			buildConfigurations = (
				D2FD69BF247D445700BA7EA1 /* Debug */,
				D2FD69C0247D445700BA7EA1 /* Release */,
			);
			defaultConfigurationIsVisible = 0;
			defaultConfigurationName = Release;
		};
/* End XCConfigurationList section */

/* Begin XCRemoteSwiftPackageReference section */
		D26CCF3D247E945000E0231B /* XCRemoteSwiftPackageReference "appcenter-sdk-apple" */ = {
			isa = XCRemoteSwiftPackageReference;
			repositoryURL = "https://github.com/microsoft/appcenter-sdk-apple";
			requirement = {
				kind = upToNextMajorVersion;
				minimumVersion = 3.2.0;
			};
		};
		D2FD69C6247D45A100BA7EA1 /* XCRemoteSwiftPackageReference "swift-protobuf" */ = {
			isa = XCRemoteSwiftPackageReference;
			repositoryURL = "https://github.com/apple/swift-protobuf/";
			requirement = {
				kind = upToNextMajorVersion;
				minimumVersion = 1.9.0;
			};
		};
/* End XCRemoteSwiftPackageReference section */

/* Begin XCSwiftPackageProductDependency section */
		D26CCF3E247E945000E0231B /* AppCenterCrashes */ = {
			isa = XCSwiftPackageProductDependency;
			package = D26CCF3D247E945000E0231B /* XCRemoteSwiftPackageReference "appcenter-sdk-apple" */;
			productName = AppCenterCrashes;
		};
		D26CCF40247E945000E0231B /* AppCenterAnalytics */ = {
			isa = XCSwiftPackageProductDependency;
			package = D26CCF3D247E945000E0231B /* XCRemoteSwiftPackageReference "appcenter-sdk-apple" */;
			productName = AppCenterAnalytics;
		};
		D2FD69C7247D45A100BA7EA1 /* SwiftProtobuf */ = {
			isa = XCSwiftPackageProductDependency;
			package = D2FD69C6247D45A100BA7EA1 /* XCRemoteSwiftPackageReference "swift-protobuf" */;
			productName = SwiftProtobuf;
		};
		D2FD69C9247D45A100BA7EA1 /* SwiftProtobufPluginLibrary */ = {
			isa = XCSwiftPackageProductDependency;
			package = D2FD69C6247D45A100BA7EA1 /* XCRemoteSwiftPackageReference "swift-protobuf" */;
			productName = SwiftProtobufPluginLibrary;
		};
/* End XCSwiftPackageProductDependency section */
	};
	rootObject = D2FD69A2247D445500BA7EA1 /* Project object */;
}
